// !$*UTF8*$!
{
	archiveVersion = 1;
	classes = {
	};
	objectVersion = 50;
	objects = {

/* Begin PBXBuildFile section */
		1858ABB521687B1500F0BA12 /* CompassGestureView.swift in Sources */ = {isa = PBXBuildFile; fileRef = 1858ABB421687B1500F0BA12 /* CompassGestureView.swift */; };
		18EE0CC5216712DB00A82F72 /* AppDelegate.swift in Sources */ = {isa = PBXBuildFile; fileRef = 18EE0CC4216712DB00A82F72 /* AppDelegate.swift */; };
		18EE0CC7216712DB00A82F72 /* ViewController.swift in Sources */ = {isa = PBXBuildFile; fileRef = 18EE0CC6216712DB00A82F72 /* ViewController.swift */; };
		18EE0CCA216712DB00A82F72 /* Main.storyboard in Resources */ = {isa = PBXBuildFile; fileRef = 18EE0CC8216712DB00A82F72 /* Main.storyboard */; };
		18EE0CCC216712DD00A82F72 /* Assets.xcassets in Resources */ = {isa = PBXBuildFile; fileRef = 18EE0CCB216712DD00A82F72 /* Assets.xcassets */; };
		18EE0CCF216712DD00A82F72 /* LaunchScreen.storyboard in Resources */ = {isa = PBXBuildFile; fileRef = 18EE0CCD216712DD00A82F72 /* LaunchScreen.storyboard */; };
		18EE0CD7216718C100A82F72 /* CompassView.swift in Sources */ = {isa = PBXBuildFile; fileRef = 18EE0CD6216718C100A82F72 /* CompassView.swift */; };
		B7135291B3F8B22C7F77329D /* Pods_StarSearch.framework in Frameworks */ = {isa = PBXBuildFile; fileRef = C92941C2BF0FD2C4B78CA54B /* Pods_StarSearch.framework */; };
/* End PBXBuildFile section */

/* Begin PBXFileReference section */
		10A2A5DF44078AE24AEF1F2F /* Pods-StarSearch.debug.xcconfig */ = {isa = PBXFileReference; includeInIndex = 1; lastKnownFileType = text.xcconfig; name = "Pods-StarSearch.debug.xcconfig"; path = "Pods/Target Support Files/Pods-StarSearch/Pods-StarSearch.debug.xcconfig"; sourceTree = "<group>"; };
		1858ABB421687B1500F0BA12 /* CompassGestureView.swift */ = {isa = PBXFileReference; lastKnownFileType = sourcecode.swift; path = CompassGestureView.swift; sourceTree = "<group>"; };
		18EE0CC1216712DB00A82F72 /* StarSearch.app */ = {isa = PBXFileReference; explicitFileType = wrapper.application; includeInIndex = 0; path = StarSearch.app; sourceTree = BUILT_PRODUCTS_DIR; };
		18EE0CC4216712DB00A82F72 /* AppDelegate.swift */ = {isa = PBXFileReference; lastKnownFileType = sourcecode.swift; path = AppDelegate.swift; sourceTree = "<group>"; };
		18EE0CC6216712DB00A82F72 /* ViewController.swift */ = {isa = PBXFileReference; lastKnownFileType = sourcecode.swift; path = ViewController.swift; sourceTree = "<group>"; };
		18EE0CC9216712DB00A82F72 /* Base */ = {isa = PBXFileReference; lastKnownFileType = file.storyboard; name = Base; path = Base.lproj/Main.storyboard; sourceTree = "<group>"; };
		18EE0CCB216712DD00A82F72 /* Assets.xcassets */ = {isa = PBXFileReference; lastKnownFileType = folder.assetcatalog; path = Assets.xcassets; sourceTree = "<group>"; };
		18EE0CCE216712DD00A82F72 /* Base */ = {isa = PBXFileReference; lastKnownFileType = file.storyboard; name = Base; path = Base.lproj/LaunchScreen.storyboard; sourceTree = "<group>"; };
		18EE0CD0216712DD00A82F72 /* Info.plist */ = {isa = PBXFileReference; lastKnownFileType = text.plist.xml; path = Info.plist; sourceTree = "<group>"; };
		18EE0CD6216718C100A82F72 /* CompassView.swift */ = {isa = PBXFileReference; lastKnownFileType = sourcecode.swift; path = CompassView.swift; sourceTree = "<group>"; };
		C38D886DC0538F96D5CF4341 /* Pods-StarSearch.release.xcconfig */ = {isa = PBXFileReference; includeInIndex = 1; lastKnownFileType = text.xcconfig; name = "Pods-StarSearch.release.xcconfig"; path = "Pods/Target Support Files/Pods-StarSearch/Pods-StarSearch.release.xcconfig"; sourceTree = "<group>"; };
		C92941C2BF0FD2C4B78CA54B /* Pods_StarSearch.framework */ = {isa = PBXFileReference; explicitFileType = wrapper.framework; includeInIndex = 0; path = Pods_StarSearch.framework; sourceTree = BUILT_PRODUCTS_DIR; };
/* End PBXFileReference section */

/* Begin PBXFrameworksBuildPhase section */
		18EE0CBE216712DB00A82F72 /* Frameworks */ = {
			isa = PBXFrameworksBuildPhase;
			buildActionMask = 2147483647;
			files = (
				B7135291B3F8B22C7F77329D /* Pods_StarSearch.framework in Frameworks */,
			);
			runOnlyForDeploymentPostprocessing = 0;
		};
/* End PBXFrameworksBuildPhase section */

/* Begin PBXGroup section */
		18EE0CB8216712DB00A82F72 = {
			isa = PBXGroup;
			children = (
				18EE0CC3216712DB00A82F72 /* StarSearch */,
				18EE0CC2216712DB00A82F72 /* Products */,
				899C8457A4D60C3F8F4FAC9C /* Pods */,
				5670441312B1C2747946BF09 /* Frameworks */,
			);
			sourceTree = "<group>";
		};
		18EE0CC2216712DB00A82F72 /* Products */ = {
			isa = PBXGroup;
			children = (
				18EE0CC1216712DB00A82F72 /* StarSearch.app */,
			);
			name = Products;
			sourceTree = "<group>";
		};
		18EE0CC3216712DB00A82F72 /* StarSearch */ = {
			isa = PBXGroup;
			children = (
				18EE0CC4216712DB00A82F72 /* AppDelegate.swift */,
				18EE0CC6216712DB00A82F72 /* ViewController.swift */,
				18EE0CC8216712DB00A82F72 /* Main.storyboard */,
				18EE0CCB216712DD00A82F72 /* Assets.xcassets */,
				18EE0CCD216712DD00A82F72 /* LaunchScreen.storyboard */,
				18EE0CD0216712DD00A82F72 /* Info.plist */,
				18EE0CD6216718C100A82F72 /* CompassView.swift */,
				1858ABB421687B1500F0BA12 /* CompassGestureView.swift */,
			);
			path = StarSearch;
			sourceTree = "<group>";
		};
		5670441312B1C2747946BF09 /* Frameworks */ = {
			isa = PBXGroup;
			children = (
				C92941C2BF0FD2C4B78CA54B /* Pods_StarSearch.framework */,
			);
			name = Frameworks;
			sourceTree = "<group>";
		};
		899C8457A4D60C3F8F4FAC9C /* Pods */ = {
			isa = PBXGroup;
			children = (
				10A2A5DF44078AE24AEF1F2F /* Pods-StarSearch.debug.xcconfig */,
				C38D886DC0538F96D5CF4341 /* Pods-StarSearch.release.xcconfig */,
			);
			name = Pods;
			sourceTree = "<group>";
		};
/* End PBXGroup section */

/* Begin PBXNativeTarget section */
		18EE0CC0216712DB00A82F72 /* StarSearch */ = {
			isa = PBXNativeTarget;
			buildConfigurationList = 18EE0CD3216712DD00A82F72 /* Build configuration list for PBXNativeTarget "StarSearch" */;
			buildPhases = (
				1DE80C51D42C94D3CD527D8B /* [CP] Check Pods Manifest.lock */,
				18EE0CBD216712DB00A82F72 /* Sources */,
				18EE0CBE216712DB00A82F72 /* Frameworks */,
				18EE0CBF216712DB00A82F72 /* Resources */,
				AD699D2953B37398C8AE7C02 /* [CP] Embed Pods Frameworks */,
			);
			buildRules = (
			);
			dependencies = (
			);
			name = StarSearch;
			productName = StarSearch;
			productReference = 18EE0CC1216712DB00A82F72 /* StarSearch.app */;
			productType = "com.apple.product-type.application";
		};
/* End PBXNativeTarget section */

/* Begin PBXProject section */
		18EE0CB9216712DB00A82F72 /* Project object */ = {
			isa = PBXProject;
			attributes = {
				LastSwiftUpdateCheck = 0940;
				LastUpgradeCheck = 0940;
				ORGANIZATIONNAME = yhb;
				TargetAttributes = {
					18EE0CC0216712DB00A82F72 = {
						CreatedOnToolsVersion = 9.4;
					};
				};
			};
			buildConfigurationList = 18EE0CBC216712DB00A82F72 /* Build configuration list for PBXProject "StarSearch" */;
			compatibilityVersion = "Xcode 9.3";
			developmentRegion = en;
			hasScannedForEncodings = 0;
			knownRegions = (
				en,
				Base,
			);
			mainGroup = 18EE0CB8216712DB00A82F72;
			productRefGroup = 18EE0CC2216712DB00A82F72 /* Products */;
			projectDirPath = "";
			projectRoot = "";
			targets = (
				18EE0CC0216712DB00A82F72 /* StarSearch */,
			);
		};
/* End PBXProject section */

/* Begin PBXResourcesBuildPhase section */
		18EE0CBF216712DB00A82F72 /* Resources */ = {
			isa = PBXResourcesBuildPhase;
			buildActionMask = 2147483647;
			files = (
				18EE0CCF216712DD00A82F72 /* LaunchScreen.storyboard in Resources */,
				18EE0CCC216712DD00A82F72 /* Assets.xcassets in Resources */,
				18EE0CCA216712DB00A82F72 /* Main.storyboard in Resources */,
			);
			runOnlyForDeploymentPostprocessing = 0;
		};
/* End PBXResourcesBuildPhase section */

/* Begin PBXShellScriptBuildPhase section */
		1DE80C51D42C94D3CD527D8B /* [CP] Check Pods Manifest.lock */ = {
			isa = PBXShellScriptBuildPhase;
			buildActionMask = 2147483647;
			files = (
			);
			inputPaths = (
				"${PODS_PODFILE_DIR_PATH}/Podfile.lock",
				"${PODS_ROOT}/Manifest.lock",
			);
			name = "[CP] Check Pods Manifest.lock";
			outputPaths = (
				"$(DERIVED_FILE_DIR)/Pods-StarSearch-checkManifestLockResult.txt",
			);
			runOnlyForDeploymentPostprocessing = 0;
			shellPath = /bin/sh;
			shellScript = "diff \"${PODS_PODFILE_DIR_PATH}/Podfile.lock\" \"${PODS_ROOT}/Manifest.lock\" > /dev/null\nif [ $? != 0 ] ; then\n    # print error to STDERR\n    echo \"error: The sandbox is not in sync with the Podfile.lock. Run 'pod install' or update your CocoaPods installation.\" >&2\n    exit 1\nfi\n# This output is used by Xcode 'outputs' to avoid re-running this script phase.\necho \"SUCCESS\" > \"${SCRIPT_OUTPUT_FILE_0}\"\n";
			showEnvVarsInLog = 0;
		};
		AD699D2953B37398C8AE7C02 /* [CP] Embed Pods Frameworks */ = {
			isa = PBXShellScriptBuildPhase;
			buildActionMask = 2147483647;
			files = (
			);
			inputPaths = (
				"${SRCROOT}/Pods/Target Support Files/Pods-StarSearch/Pods-StarSearch-frameworks.sh",
				"${BUILT_PRODUCTS_DIR}/SnapKit/SnapKit.framework",
			);
			name = "[CP] Embed Pods Frameworks";
			outputPaths = (
				"${TARGET_BUILD_DIR}/${FRAMEWORKS_FOLDER_PATH}/SnapKit.framework",
			);
			runOnlyForDeploymentPostprocessing = 0;
			shellPath = /bin/sh;
			shellScript = "\"${SRCROOT}/Pods/Target Support Files/Pods-StarSearch/Pods-StarSearch-frameworks.sh\"\n";
			showEnvVarsInLog = 0;
		};
/* End PBXShellScriptBuildPhase section */

/* Begin PBXSourcesBuildPhase section */
		18EE0CBD216712DB00A82F72 /* Sources */ = {
			isa = PBXSourcesBuildPhase;
			buildActionMask = 2147483647;
			files = (
				18EE0CD7216718C100A82F72 /* CompassView.swift in Sources */,
				18EE0CC7216712DB00A82F72 /* ViewController.swift in Sources */,
				18EE0CC5216712DB00A82F72 /* AppDelegate.swift in Sources */,
				1858ABB521687B1500F0BA12 /* CompassGestureView.swift in Sources */,
			);
			runOnlyForDeploymentPostprocessing = 0;
		};
/* End PBXSourcesBuildPhase section */

/* Begin PBXVariantGroup section */
		18EE0CC8216712DB00A82F72 /* Main.storyboard */ = {
			isa = PBXVariantGroup;
			children = (
				18EE0CC9216712DB00A82F72 /* Base */,
			);
			name = Main.storyboard;
			sourceTree = "<group>";
		};
		18EE0CCD216712DD00A82F72 /* LaunchScreen.storyboard */ = {
			isa = PBXVariantGroup;
			children = (
				18EE0CCE216712DD00A82F72 /* Base */,
			);
			name = LaunchScreen.storyboard;
			sourceTree = "<group>";
		};
/* End PBXVariantGroup section */

/* Begin XCBuildConfiguration section */
		18EE0CD1216712DD00A82F72 /* Debug */ = {
			isa = XCBuildConfiguration;
			buildSettings = {
				ALWAYS_SEARCH_USER_PATHS = NO;
				CLANG_ANALYZER_NONNULL = YES;
				CLANG_ANALYZER_NUMBER_OBJECT_CONVERSION = YES_AGGRESSIVE;
				CLANG_CXX_LANGUAGE_STANDARD = "gnu++14";
				CLANG_CXX_LIBRARY = "libc++";
				CLANG_ENABLE_MODULES = YES;
				CLANG_ENABLE_OBJC_ARC = YES;
				CLANG_ENABLE_OBJC_WEAK = YES;
				CLANG_WARN_BLOCK_CAPTURE_AUTORELEASING = YES;
				CLANG_WARN_BOOL_CONVERSION = YES;
				CLANG_WARN_COMMA = YES;
				CLANG_WARN_CONSTANT_CONVERSION = YES;
				CLANG_WARN_DEPRECATED_OBJC_IMPLEMENTATIONS = YES;
				CLANG_WARN_DIRECT_OBJC_ISA_USAGE = YES_ERROR;
				CLANG_WARN_DOCUMENTATION_COMMENTS = YES;
				CLANG_WARN_EMPTY_BODY = YES;
				CLANG_WARN_ENUM_CONVERSION = YES;
				CLANG_WARN_INFINITE_RECURSION = YES;
				CLANG_WARN_INT_CONVERSION = YES;
				CLANG_WARN_NON_LITERAL_NULL_CONVERSION = YES;
				CLANG_WARN_OBJC_IMPLICIT_RETAIN_SELF = YES;
				CLANG_WARN_OBJC_LITERAL_CONVERSION = YES;
				CLANG_WARN_OBJC_ROOT_CLASS = YES_ERROR;
				CLANG_WARN_RANGE_LOOP_ANALYSIS = YES;
				CLANG_WARN_STRICT_PROTOTYPES = YES;
				CLANG_WARN_SUSPICIOUS_MOVE = YES;
				CLANG_WARN_UNGUARDED_AVAILABILITY = YES_AGGRESSIVE;
				CLANG_WARN_UNREACHABLE_CODE = YES;
				CLANG_WARN__DUPLICATE_METHOD_MATCH = YES;
				CODE_SIGN_IDENTITY = "iPhone Developer";
				COPY_PHASE_STRIP = NO;
				DEBUG_INFORMATION_FORMAT = dwarf;
				ENABLE_STRICT_OBJC_MSGSEND = YES;
				ENABLE_TESTABILITY = YES;
				GCC_C_LANGUAGE_STANDARD = gnu11;
				GCC_DYNAMIC_NO_PIC = NO;
				GCC_NO_COMMON_BLOCKS = YES;
				GCC_OPTIMIZATION_LEVEL = 0;
				GCC_PREPROCESSOR_DEFINITIONS = (
					"DEBUG=1",
					"$(inherited)",
				);
				GCC_WARN_64_TO_32_BIT_CONVERSION = YES;
				GCC_WARN_ABOUT_RETURN_TYPE = YES_ERROR;
				GCC_WARN_UNDECLARED_SELECTOR = YES;
				GCC_WARN_UNINITIALIZED_AUTOS = YES_AGGRESSIVE;
				GCC_WARN_UNUSED_FUNCTION = YES;
				GCC_WARN_UNUSED_VARIABLE = YES;
				IPHONEOS_DEPLOYMENT_TARGET = 11.4;
				MTL_ENABLE_DEBUG_INFO = YES;
				ONLY_ACTIVE_ARCH = YES;
				SDKROOT = iphoneos;
				SWIFT_ACTIVE_COMPILATION_CONDITIONS = DEBUG;
				SWIFT_OPTIMIZATION_LEVEL = "-Onone";
			};
			name = Debug;
		};
		18EE0CD2216712DD00A82F72 /* Release */ = {
			isa = XCBuildConfiguration;
			buildSettings = {
				ALWAYS_SEARCH_USER_PATHS = NO;
				CLANG_ANALYZER_NONNULL = YES;
				CLANG_ANALYZER_NUMBER_OBJECT_CONVERSION = YES_AGGRESSIVE;
				CLANG_CXX_LANGUAGE_STANDARD = "gnu++14";
				CLANG_CXX_LIBRARY = "libc++";
				CLANG_ENABLE_MODULES = YES;
				CLANG_ENABLE_OBJC_ARC = YES;
				CLANG_ENABLE_OBJC_WEAK = YES;
				CLANG_WARN_BLOCK_CAPTURE_AUTORELEASING = YES;
				CLANG_WARN_BOOL_CONVERSION = YES;
				CLANG_WARN_COMMA = YES;
				CLANG_WARN_CONSTANT_CONVERSION = YES;
				CLANG_WARN_DEPRECATED_OBJC_IMPLEMENTATIONS = YES;
				CLANG_WARN_DIRECT_OBJC_ISA_USAGE = YES_ERROR;
				CLANG_WARN_DOCUMENTATION_COMMENTS = YES;
				CLANG_WARN_EMPTY_BODY = YES;
				CLANG_WARN_ENUM_CONVERSION = YES;
				CLANG_WARN_INFINITE_RECURSION = YES;
				CLANG_WARN_INT_CONVERSION = YES;
				CLANG_WARN_NON_LITERAL_NULL_CONVERSION = YES;
				CLANG_WARN_OBJC_IMPLICIT_RETAIN_SELF = YES;
				CLANG_WARN_OBJC_LITERAL_CONVERSION = YES;
				CLANG_WARN_OBJC_ROOT_CLASS = YES_ERROR;
				CLANG_WARN_RANGE_LOOP_ANALYSIS = YES;
				CLANG_WARN_STRICT_PROTOTYPES = YES;
				CLANG_WARN_SUSPICIOUS_MOVE = YES;
				CLANG_WARN_UNGUARDED_AVAILABILITY = YES_AGGRESSIVE;
				CLANG_WARN_UNREACHABLE_CODE = YES;
				CLANG_WARN__DUPLICATE_METHOD_MATCH = YES;
				CODE_SIGN_IDENTITY = "iPhone Developer";
				COPY_PHASE_STRIP = NO;
				DEBUG_INFORMATION_FORMAT = "dwarf-with-dsym";
				ENABLE_NS_ASSERTIONS = NO;
				ENABLE_STRICT_OBJC_MSGSEND = YES;
				GCC_C_LANGUAGE_STANDARD = gnu11;
				GCC_NO_COMMON_BLOCKS = YES;
				GCC_WARN_64_TO_32_BIT_CONVERSION = YES;
				GCC_WARN_ABOUT_RETURN_TYPE = YES_ERROR;
				GCC_WARN_UNDECLARED_SELECTOR = YES;
				GCC_WARN_UNINITIALIZED_AUTOS = YES_AGGRESSIVE;
				GCC_WARN_UNUSED_FUNCTION = YES;
				GCC_WARN_UNUSED_VARIABLE = YES;
				IPHONEOS_DEPLOYMENT_TARGET = 11.4;
				MTL_ENABLE_DEBUG_INFO = NO;
				SDKROOT = iphoneos;
				SWIFT_COMPILATION_MODE = wholemodule;
				SWIFT_OPTIMIZATION_LEVEL = "-O";
				VALIDATE_PRODUCT = YES;
			};
			name = Release;
		};
		18EE0CD4216712DD00A82F72 /* Debug */ = {
			isa = XCBuildConfiguration;
			baseConfigurationReference = 10A2A5DF44078AE24AEF1F2F /* Pods-StarSearch.debug.xcconfig */;
			buildSettings = {
				ASSETCATALOG_COMPILER_APPICON_NAME = AppIcon;
				CODE_SIGN_STYLE = Automatic;
				DEVELOPMENT_TEAM = W5T3Q6BY36;
				INFOPLIST_FILE = StarSearch/Info.plist;
				LD_RUNPATH_SEARCH_PATHS = (
					"$(inherited)",
					"@executable_path/Frameworks",
				);
				PRODUCT_BUNDLE_IDENTIFIER = yhb.StarSearch;
				PRODUCT_NAME = "$(TARGET_NAME)";
				SWIFT_VERSION = 4.0;
				TARGETED_DEVICE_FAMILY = "1,2";
			};
			name = Debug;
		};
		18EE0CD5216712DD00A82F72 /* Release */ = {
			isa = XCBuildConfiguration;
			baseConfigurationReference = C38D886DC0538F96D5CF4341 /* Pods-StarSearch.release.xcconfig */;
			buildSettings = {
				ASSETCATALOG_COMPILER_APPICON_NAME = AppIcon;
				CODE_SIGN_STYLE = Automatic;
				DEVELOPMENT_TEAM = W5T3Q6BY36;
				INFOPLIST_FILE = StarSearch/Info.plist;
				LD_RUNPATH_SEARCH_PATHS = (
					"$(inherited)",
					"@executable_path/Frameworks",
				);
				PRODUCT_BUNDLE_IDENTIFIER = yhb.StarSearch;
				PRODUCT_NAME = "$(TARGET_NAME)";
				SWIFT_VERSION = 4.0;
				TARGETED_DEVICE_FAMILY = "1,2";
			};
			name = Release;
		};
/* End XCBuildConfiguration section */

/* Begin XCConfigurationList section */
		18EE0CBC216712DB00A82F72 /* Build configuration list for PBXProject "StarSearch" */ = {
			isa = XCConfigurationList;
			buildConfigurations = (
				18EE0CD1216712DD00A82F72 /* Debug */,
				18EE0CD2216712DD00A82F72 /* Release */,
			);
			defaultConfigurationIsVisible = 0;
			defaultConfigurationName = Release;
		};
		18EE0CD3216712DD00A82F72 /* Build configuration list for PBXNativeTarget "StarSearch" */ = {
			isa = XCConfigurationList;
			buildConfigurations = (
				18EE0CD4216712DD00A82F72 /* Debug */,
				18EE0CD5216712DD00A82F72 /* Release */,
			);
			defaultConfigurationIsVisible = 0;
			defaultConfigurationName = Release;
		};
/* End XCConfigurationList section */
	};
	rootObject = 18EE0CB9216712DB00A82F72 /* Project object */;
}
